// !$*UTF8*$!
{
	archiveVersion = 1;
	classes = {
	};
	objectVersion = 77;
	objects = {

/* Begin PBXBuildFile section */
		841AEF892D02D574009F762B /* AuthCoordinator.swift in Sources */ = {isa = PBXBuildFile; fileRef = 841AEF562D02D574009F762B /* AuthCoordinator.swift */; };
		841AEF8A2D02D574009F762B /* CoffeeShop.swift in Sources */ = {isa = PBXBuildFile; fileRef = 841AEF582D02D574009F762B /* CoffeeShop.swift */; };
		841AEF8B2D02D574009F762B /* FavoriteShop.swift in Sources */ = {isa = PBXBuildFile; fileRef = 841AEF592D02D574009F762B /* FavoriteShop.swift */; };
		841AEF8C2D02D574009F762B /* OnboardingItem.swift in Sources */ = {isa = PBXBuildFile; fileRef = 841AEF5A2D02D574009F762B /* OnboardingItem.swift */; };
		841AEF8D2D02D574009F762B /* Review.swift in Sources */ = {isa = PBXBuildFile; fileRef = 841AEF5B2D02D574009F762B /* Review.swift */; };
		841AEF8E2D02D574009F762B /* UserDetails.swift in Sources */ = {isa = PBXBuildFile; fileRef = 841AEF5C2D02D574009F762B /* UserDetails.swift */; };
		841AEF8F2D02D574009F762B /* APIConfig.swift in Sources */ = {isa = PBXBuildFile; fileRef = 841AEF602D02D574009F762B /* APIConfig.swift */; };
		841AEF902D02D574009F762B /* AuthenticationService.swift in Sources */ = {isa = PBXBuildFile; fileRef = 841AEF612D02D574009F762B /* AuthenticationService.swift */; };
		841AEF912D02D574009F762B /* CoffeeShopService.swift in Sources */ = {isa = PBXBuildFile; fileRef = 841AEF622D02D574009F762B /* CoffeeShopService.swift */; };
		841AEF922D02D574009F762B /* KeychainService.swift in Sources */ = {isa = PBXBuildFile; fileRef = 841AEF632D02D574009F762B /* KeychainService.swift */; };
		841AEF932D02D574009F762B /* NetworkManager.swift in Sources */ = {isa = PBXBuildFile; fileRef = 841AEF642D02D574009F762B /* NetworkManager.swift */; };
		841AEF942D02D574009F762B /* SupabaseConfig.swift in Sources */ = {isa = PBXBuildFile; fileRef = 841AEF652D02D574009F762B /* SupabaseConfig.swift */; };
		841AEF952D02D574009F762B /* UserService.swift in Sources */ = {isa = PBXBuildFile; fileRef = 841AEF662D02D574009F762B /* UserService.swift */; };
		841AEF962D02D574009F762B /* FontManager.swift in Sources */ = {isa = PBXBuildFile; fileRef = 841AEF682D02D574009F762B /* FontManager.swift */; };
		841AEF972D02D574009F762B /* CoffeeShopCard.swift in Sources */ = {isa = PBXBuildFile; fileRef = 841AEF6A2D02D574009F762B /* CoffeeShopCard.swift */; };
		841AEF992D02D574009F762B /* CoffeeTagView.swift in Sources */ = {isa = PBXBuildFile; fileRef = 841AEF6C2D02D574009F762B /* CoffeeTagView.swift */; };
		841AEF9B2D02D574009F762B /* MapView.swift in Sources */ = {isa = PBXBuildFile; fileRef = 841AEF6E2D02D574009F762B /* MapView.swift */; };
		841AEF9C2D02D574009F762B /* ViewImports.swift in Sources */ = {isa = PBXBuildFile; fileRef = 841AEF6F2D02D574009F762B /* ViewImports.swift */; };
		841AEF9D2D02D574009F762B /* OnboardingView.swift in Sources */ = {isa = PBXBuildFile; fileRef = 841AEF712D02D574009F762B /* OnboardingView.swift */; };
		841AEF9E2D02D574009F762B /* OnboardingViewModel.swift in Sources */ = {isa = PBXBuildFile; fileRef = 841AEF722D02D574009F762B /* OnboardingViewModel.swift */; };
		841AEF9F2D02D574009F762B /* CoffeeShopDetailView.swift in Sources */ = {isa = PBXBuildFile; fileRef = 841AEF742D02D574009F762B /* CoffeeShopDetailView.swift */; };
		841AEFA12D02D574009F762B /* FavoritesScreen.swift in Sources */ = {isa = PBXBuildFile; fileRef = 841AEF762D02D574009F762B /* FavoritesScreen.swift */; };
		841AEFA22D02D574009F762B /* HomeScreen.swift in Sources */ = {isa = PBXBuildFile; fileRef = 841AEF772D02D574009F762B /* HomeScreen.swift */; };
		841AEFA32D02D574009F762B /* ProfileScreen.swift in Sources */ = {isa = PBXBuildFile; fileRef = 841AEF782D02D574009F762B /* ProfileScreen.swift */; };
		841AEFA42D02D574009F762B /* CommonStyles.swift in Sources */ = {isa = PBXBuildFile; fileRef = 841AEF7A2D02D574009F762B /* CommonStyles.swift */; };
		841AEFA52D02D574009F762B /* CreateProfileView.swift in Sources */ = {isa = PBXBuildFile; fileRef = 841AEF7C2D02D574009F762B /* CreateProfileView.swift */; };
		841AEFA62D02D574009F762B /* ForgotPasswordView.swift in Sources */ = {isa = PBXBuildFile; fileRef = 841AEF7D2D02D574009F762B /* ForgotPasswordView.swift */; };
		841AEFA72D02D574009F762B /* LoginView.swift in Sources */ = {isa = PBXBuildFile; fileRef = 841AEF7E2D02D574009F762B /* LoginView.swift */; };
		841AEFA82D02D574009F762B /* MainTabView.swift in Sources */ = {isa = PBXBuildFile; fileRef = 841AEF7F2D02D574009F762B /* MainTabView.swift */; };
		841AEFA92D02D574009F762B /* OTPVerificationView.swift in Sources */ = {isa = PBXBuildFile; fileRef = 841AEF802D02D574009F762B /* OTPVerificationView.swift */; };
		841AEFAA2D02D574009F762B /* SignUpView.swift in Sources */ = {isa = PBXBuildFile; fileRef = 841AEF812D02D574009F762B /* SignUpView.swift */; };
		841AEFAD2D02D574009F762B /* Preview Assets.xcassets in Resources */ = {isa = PBXBuildFile; fileRef = 841AEF5E2D02D574009F762B /* Preview Assets.xcassets */; };
		841AEFAE2D02D574009F762B /* Assets.xcassets in Resources */ = {isa = PBXBuildFile; fileRef = 841AEF832D02D574009F762B /* Assets.xcassets */; };
		841AEFB02D02D574009F762B /* Info-Sandbox.plist in Resources */ = {isa = PBXBuildFile; fileRef = 841AEF872D02D574009F762B /* Info-Sandbox.plist */; };
		841AF0482D0352E4009F762B /* SDWebImageSwiftUI in Frameworks */ = {isa = PBXBuildFile; productRef = 841AF0472D0352E4009F762B /* SDWebImageSwiftUI */; };
		84BBC0702D02646400782B7D /* FlowStacks in Frameworks */ = {isa = PBXBuildFile; productRef = 84BBC06F2D02646400782B7D /* FlowStacks */; };
		84BBC1362D03533000782B7D /* PromotionsView.swift in Sources */ = {isa = PBXBuildFile; fileRef = 84BBC1352D03532F00782B7D /* PromotionsView.swift */; };
		ED02DBC42CEC0A4900794F34 /* Auth in Frameworks */ = {isa = PBXBuildFile; productRef = ED02DBC32CEC0A4900794F34 /* Auth */; };
		ED02DBC72CEC0B5C00794F34 /* Supabase in Frameworks */ = {isa = PBXBuildFile; productRef = ED02DBC62CEC0B5C00794F34 /* Supabase */; };
		ED1004032CEEA99200AB964B /* Functions in Frameworks */ = {isa = PBXBuildFile; productRef = ED1004022CEEA99200AB964B /* Functions */; };
		ED1004052CEEA99200AB964B /* PostgREST in Frameworks */ = {isa = PBXBuildFile; productRef = ED1004042CEEA99200AB964B /* PostgREST */; };
		ED1004072CEEA99200AB964B /* Realtime in Frameworks */ = {isa = PBXBuildFile; productRef = ED1004062CEEA99200AB964B /* Realtime */; };
		ED25EAB82CFE6BEA00D2B528 /* Storage in Frameworks */ = {isa = PBXBuildFile; productRef = ED25EAB72CFE6BEA00D2B528 /* Storage */; };
		ED4A1C6C2CFA1BAE00CC509E /* Nunito-Medium.ttf in Resources */ = {isa = PBXBuildFile; fileRef = ED4A1C672CFA1BAE00CC509E /* Nunito-Medium.ttf */; };
		ED4A1C6D2CFA1BAE00CC509E /* Nunito-ExtraBold.ttf in Resources */ = {isa = PBXBuildFile; fileRef = ED4A1C602CFA1BAE00CC509E /* Nunito-ExtraBold.ttf */; };
		ED4A1C6E2CFA1BAE00CC509E /* Nunito-BlackItalic.ttf in Resources */ = {isa = PBXBuildFile; fileRef = ED4A1C5D2CFA1BAE00CC509E /* Nunito-BlackItalic.ttf */; };
		ED4A1C6F2CFA1BAE00CC509E /* Nunito-BoldItalic.ttf in Resources */ = {isa = PBXBuildFile; fileRef = ED4A1C5F2CFA1BAE00CC509E /* Nunito-BoldItalic.ttf */; };
		ED4A1C702CFA1BAE00CC509E /* Nunito-Regular.ttf in Resources */ = {isa = PBXBuildFile; fileRef = ED4A1C692CFA1BAE00CC509E /* Nunito-Regular.ttf */; };
		ED4A1C712CFA1BAE00CC509E /* Nunito-Light.ttf in Resources */ = {isa = PBXBuildFile; fileRef = ED4A1C652CFA1BAE00CC509E /* Nunito-Light.ttf */; };
		ED4A1C722CFA1BAE00CC509E /* Nunito-Bold.ttf in Resources */ = {isa = PBXBuildFile; fileRef = ED4A1C5E2CFA1BAE00CC509E /* Nunito-Bold.ttf */; };
		ED4A1C732CFA1BAE00CC509E /* Nunito-ExtraLightItalic.ttf in Resources */ = {isa = PBXBuildFile; fileRef = ED4A1C632CFA1BAE00CC509E /* Nunito-ExtraLightItalic.ttf */; };
		ED4A1C742CFA1BAE00CC509E /* Nunito-Black.ttf in Resources */ = {isa = PBXBuildFile; fileRef = ED4A1C5C2CFA1BAE00CC509E /* Nunito-Black.ttf */; };
		ED4A1C752CFA1BAE00CC509E /* Nunito-SemiBoldItalic.ttf in Resources */ = {isa = PBXBuildFile; fileRef = ED4A1C6B2CFA1BAE00CC509E /* Nunito-SemiBoldItalic.ttf */; };
		ED4A1C762CFA1BAE00CC509E /* Nunito-ExtraLight.ttf in Resources */ = {isa = PBXBuildFile; fileRef = ED4A1C622CFA1BAE00CC509E /* Nunito-ExtraLight.ttf */; };
		ED4A1C772CFA1BAE00CC509E /* Nunito-Italic.ttf in Resources */ = {isa = PBXBuildFile; fileRef = ED4A1C642CFA1BAE00CC509E /* Nunito-Italic.ttf */; };
		ED4A1C782CFA1BAE00CC509E /* Nunito-MediumItalic.ttf in Resources */ = {isa = PBXBuildFile; fileRef = ED4A1C682CFA1BAE00CC509E /* Nunito-MediumItalic.ttf */; };
		ED4A1C792CFA1BAE00CC509E /* Nunito-ExtraBoldItalic.ttf in Resources */ = {isa = PBXBuildFile; fileRef = ED4A1C612CFA1BAE00CC509E /* Nunito-ExtraBoldItalic.ttf */; };
		ED4A1C7A2CFA1BAE00CC509E /* Nunito-SemiBold.ttf in Resources */ = {isa = PBXBuildFile; fileRef = ED4A1C6A2CFA1BAE00CC509E /* Nunito-SemiBold.ttf */; };
		ED4A1C7B2CFA1BAE00CC509E /* Nunito-LightItalic.ttf in Resources */ = {isa = PBXBuildFile; fileRef = ED4A1C662CFA1BAE00CC509E /* Nunito-LightItalic.ttf */; };
		ED7992612D0E2F1A00CA4244 /* SpeechRecognitionManager 2.swift in Sources */ = {isa = PBXBuildFile; fileRef = ED7992602D0E2F1A00CA4244 /* SpeechRecognitionManager 2.swift */; };
		ED7992642D0F60D200CA4244 /* LocationManager.swift in Sources */ = {isa = PBXBuildFile; fileRef = ED7992632D0F60D200CA4244 /* LocationManager.swift */; };
		ED9FD53A2D2733B200E50759 /* CoffeeVibesApp.swift in Sources */ = {isa = PBXBuildFile; fileRef = ED9FD5392D2733B200E50759 /* CoffeeVibesApp.swift */; };
		ED9FD53C2D274F4500E50759 /* GooglePlacesService.swift in Sources */ = {isa = PBXBuildFile; fileRef = ED9FD53B2D274F4500E50759 /* GooglePlacesService.swift */; };
		ED9FD53E2D27637000E50759 /* AddReviewSheet.swift in Sources */ = {isa = PBXBuildFile; fileRef = ED9FD53D2D27637000E50759 /* AddReviewSheet.swift */; };
		ED9FD5402D27648800E50759 /* CoffeeShopReviewService.swift in Sources */ = {isa = PBXBuildFile; fileRef = ED9FD53F2D27648800E50759 /* CoffeeShopReviewService.swift */; };
		ED9FD5422D2768FB00E50759 /* CoffeeShopReview.swift in Sources */ = {isa = PBXBuildFile; fileRef = ED9FD5412D2768FB00E50759 /* CoffeeShopReview.swift */; };
		ED9FD5442D287E0700E50759 /* CheckInSheet.swift in Sources */ = {isa = PBXBuildFile; fileRef = ED9FD5432D287E0700E50759 /* CheckInSheet.swift */; };
		ED9FD5462D2885AD00E50759 /* StorageService.swift in Sources */ = {isa = PBXBuildFile; fileRef = ED9FD5452D2885AD00E50759 /* StorageService.swift */; };
		ED9FD5492D28B95C00E50759 /* SwipeableCoffeeShopCard.swift in Sources */ = {isa = PBXBuildFile; fileRef = ED9FD5482D28B95C00E50759 /* SwipeableCoffeeShopCard.swift */; };
		EDAB7A052D04CF2600C31FBD /* CoffeeShopFilterView.swift in Sources */ = {isa = PBXBuildFile; fileRef = EDAB7A042D04CF1E00C31FBD /* CoffeeShopFilterView.swift */; };
/* End PBXBuildFile section */

/* Begin PBXFileReference section */
		841AEF562D02D574009F762B /* AuthCoordinator.swift */ = {isa = PBXFileReference; lastKnownFileType = sourcecode.swift; path = AuthCoordinator.swift; sourceTree = "<group>"; };
		841AEF582D02D574009F762B /* CoffeeShop.swift */ = {isa = PBXFileReference; lastKnownFileType = sourcecode.swift; path = CoffeeShop.swift; sourceTree = "<group>"; };
		841AEF592D02D574009F762B /* FavoriteShop.swift */ = {isa = PBXFileReference; lastKnownFileType = sourcecode.swift; path = FavoriteShop.swift; sourceTree = "<group>"; };
		841AEF5A2D02D574009F762B /* OnboardingItem.swift */ = {isa = PBXFileReference; lastKnownFileType = sourcecode.swift; path = OnboardingItem.swift; sourceTree = "<group>"; };
		841AEF5B2D02D574009F762B /* Review.swift */ = {isa = PBXFileReference; lastKnownFileType = sourcecode.swift; path = Review.swift; sourceTree = "<group>"; };
		841AEF5C2D02D574009F762B /* UserDetails.swift */ = {isa = PBXFileReference; lastKnownFileType = sourcecode.swift; path = UserDetails.swift; sourceTree = "<group>"; };
		841AEF5E2D02D574009F762B /* Preview Assets.xcassets */ = {isa = PBXFileReference; lastKnownFileType = folder.assetcatalog; path = "Preview Assets.xcassets"; sourceTree = "<group>"; };
		841AEF602D02D574009F762B /* APIConfig.swift */ = {isa = PBXFileReference; lastKnownFileType = sourcecode.swift; path = APIConfig.swift; sourceTree = "<group>"; };
		841AEF612D02D574009F762B /* AuthenticationService.swift */ = {isa = PBXFileReference; lastKnownFileType = sourcecode.swift; path = AuthenticationService.swift; sourceTree = "<group>"; };
		841AEF622D02D574009F762B /* CoffeeShopService.swift */ = {isa = PBXFileReference; lastKnownFileType = sourcecode.swift; path = CoffeeShopService.swift; sourceTree = "<group>"; };
		841AEF632D02D574009F762B /* KeychainService.swift */ = {isa = PBXFileReference; lastKnownFileType = sourcecode.swift; path = KeychainService.swift; sourceTree = "<group>"; };
		841AEF642D02D574009F762B /* NetworkManager.swift */ = {isa = PBXFileReference; lastKnownFileType = sourcecode.swift; path = NetworkManager.swift; sourceTree = "<group>"; };
		841AEF652D02D574009F762B /* SupabaseConfig.swift */ = {isa = PBXFileReference; lastKnownFileType = sourcecode.swift; path = SupabaseConfig.swift; sourceTree = "<group>"; };
		841AEF662D02D574009F762B /* UserService.swift */ = {isa = PBXFileReference; lastKnownFileType = sourcecode.swift; path = UserService.swift; sourceTree = "<group>"; };
		841AEF682D02D574009F762B /* FontManager.swift */ = {isa = PBXFileReference; lastKnownFileType = sourcecode.swift; path = FontManager.swift; sourceTree = "<group>"; };
		841AEF6A2D02D574009F762B /* CoffeeShopCard.swift */ = {isa = PBXFileReference; lastKnownFileType = sourcecode.swift; path = CoffeeShopCard.swift; sourceTree = "<group>"; };
		841AEF6C2D02D574009F762B /* CoffeeTagView.swift */ = {isa = PBXFileReference; lastKnownFileType = sourcecode.swift; path = CoffeeTagView.swift; sourceTree = "<group>"; };
		841AEF6E2D02D574009F762B /* MapView.swift */ = {isa = PBXFileReference; lastKnownFileType = sourcecode.swift; path = MapView.swift; sourceTree = "<group>"; };
		841AEF6F2D02D574009F762B /* ViewImports.swift */ = {isa = PBXFileReference; lastKnownFileType = sourcecode.swift; path = ViewImports.swift; sourceTree = "<group>"; };
		841AEF712D02D574009F762B /* OnboardingView.swift */ = {isa = PBXFileReference; lastKnownFileType = sourcecode.swift; path = OnboardingView.swift; sourceTree = "<group>"; };
		841AEF722D02D574009F762B /* OnboardingViewModel.swift */ = {isa = PBXFileReference; lastKnownFileType = sourcecode.swift; path = OnboardingViewModel.swift; sourceTree = "<group>"; };
		841AEF742D02D574009F762B /* CoffeeShopDetailView.swift */ = {isa = PBXFileReference; lastKnownFileType = sourcecode.swift; path = CoffeeShopDetailView.swift; sourceTree = "<group>"; };
		841AEF762D02D574009F762B /* FavoritesScreen.swift */ = {isa = PBXFileReference; lastKnownFileType = sourcecode.swift; path = FavoritesScreen.swift; sourceTree = "<group>"; };
		841AEF772D02D574009F762B /* HomeScreen.swift */ = {isa = PBXFileReference; lastKnownFileType = sourcecode.swift; path = HomeScreen.swift; sourceTree = "<group>"; };
		841AEF782D02D574009F762B /* ProfileScreen.swift */ = {isa = PBXFileReference; lastKnownFileType = sourcecode.swift; path = ProfileScreen.swift; sourceTree = "<group>"; };
		841AEF7A2D02D574009F762B /* CommonStyles.swift */ = {isa = PBXFileReference; lastKnownFileType = sourcecode.swift; path = CommonStyles.swift; sourceTree = "<group>"; };
		841AEF7C2D02D574009F762B /* CreateProfileView.swift */ = {isa = PBXFileReference; lastKnownFileType = sourcecode.swift; path = CreateProfileView.swift; sourceTree = "<group>"; };
		841AEF7D2D02D574009F762B /* ForgotPasswordView.swift */ = {isa = PBXFileReference; lastKnownFileType = sourcecode.swift; path = ForgotPasswordView.swift; sourceTree = "<group>"; };
		841AEF7E2D02D574009F762B /* LoginView.swift */ = {isa = PBXFileReference; lastKnownFileType = sourcecode.swift; path = LoginView.swift; sourceTree = "<group>"; };
		841AEF7F2D02D574009F762B /* MainTabView.swift */ = {isa = PBXFileReference; lastKnownFileType = sourcecode.swift; path = MainTabView.swift; sourceTree = "<group>"; };
		841AEF802D02D574009F762B /* OTPVerificationView.swift */ = {isa = PBXFileReference; lastKnownFileType = sourcecode.swift; path = OTPVerificationView.swift; sourceTree = "<group>"; };
		841AEF812D02D574009F762B /* SignUpView.swift */ = {isa = PBXFileReference; lastKnownFileType = sourcecode.swift; path = SignUpView.swift; sourceTree = "<group>"; };
		841AEF832D02D574009F762B /* Assets.xcassets */ = {isa = PBXFileReference; lastKnownFileType = folder.assetcatalog; path = Assets.xcassets; sourceTree = "<group>"; };
		841AEF862D02D574009F762B /* Info.plist */ = {isa = PBXFileReference; lastKnownFileType = text.plist.xml; path = Info.plist; sourceTree = "<group>"; };
		841AEF872D02D574009F762B /* Info-Sandbox.plist */ = {isa = PBXFileReference; lastKnownFileType = text.plist.xml; path = "Info-Sandbox.plist"; sourceTree = "<group>"; };
		841AEFB12D02D577009F762B /* IntegrationTests.swift */ = {isa = PBXFileReference; lastKnownFileType = sourcecode.swift; path = IntegrationTests.swift; sourceTree = "<group>"; };
		841AEFB22D02D577009F762B /* IntegrationTestsLaunchTests.swift */ = {isa = PBXFileReference; lastKnownFileType = sourcecode.swift; path = IntegrationTestsLaunchTests.swift; sourceTree = "<group>"; };
		841AEFB62D02D579009F762B /* CoffeeShopServiceTests.swift */ = {isa = PBXFileReference; lastKnownFileType = sourcecode.swift; path = CoffeeShopServiceTests.swift; sourceTree = "<group>"; };
		841AEFB72D02D579009F762B /* UnitTests.swift */ = {isa = PBXFileReference; lastKnownFileType = sourcecode.swift; path = UnitTests.swift; sourceTree = "<group>"; };
		841AF0492D0355DE009F762B /* DalasLocation.gpx */ = {isa = PBXFileReference; lastKnownFileType = text.xml; path = DalasLocation.gpx; sourceTree = "<group>"; };
		84BBC1352D03532F00782B7D /* PromotionsView.swift */ = {isa = PBXFileReference; lastKnownFileType = sourcecode.swift; name = PromotionsView.swift; path = coffeevibes/Views/Screens/PromotionsView.swift; sourceTree = SOURCE_ROOT; };
		ED02DBA62CEC075100794F34 /* CoffeeVibes.app */ = {isa = PBXFileReference; explicitFileType = wrapper.application; includeInIndex = 0; path = CoffeeVibes.app; sourceTree = BUILT_PRODUCTS_DIR; };
		ED4A1C5C2CFA1BAE00CC509E /* Nunito-Black.ttf */ = {isa = PBXFileReference; lastKnownFileType = file; path = "Nunito-Black.ttf"; sourceTree = "<group>"; };
		ED4A1C5D2CFA1BAE00CC509E /* Nunito-BlackItalic.ttf */ = {isa = PBXFileReference; lastKnownFileType = file; path = "Nunito-BlackItalic.ttf"; sourceTree = "<group>"; };
		ED4A1C5E2CFA1BAE00CC509E /* Nunito-Bold.ttf */ = {isa = PBXFileReference; lastKnownFileType = file; path = "Nunito-Bold.ttf"; sourceTree = "<group>"; };
		ED4A1C5F2CFA1BAE00CC509E /* Nunito-BoldItalic.ttf */ = {isa = PBXFileReference; lastKnownFileType = file; path = "Nunito-BoldItalic.ttf"; sourceTree = "<group>"; };
		ED4A1C602CFA1BAE00CC509E /* Nunito-ExtraBold.ttf */ = {isa = PBXFileReference; lastKnownFileType = file; path = "Nunito-ExtraBold.ttf"; sourceTree = "<group>"; };
		ED4A1C612CFA1BAE00CC509E /* Nunito-ExtraBoldItalic.ttf */ = {isa = PBXFileReference; lastKnownFileType = file; path = "Nunito-ExtraBoldItalic.ttf"; sourceTree = "<group>"; };
		ED4A1C622CFA1BAE00CC509E /* Nunito-ExtraLight.ttf */ = {isa = PBXFileReference; lastKnownFileType = file; path = "Nunito-ExtraLight.ttf"; sourceTree = "<group>"; };
		ED4A1C632CFA1BAE00CC509E /* Nunito-ExtraLightItalic.ttf */ = {isa = PBXFileReference; lastKnownFileType = file; path = "Nunito-ExtraLightItalic.ttf"; sourceTree = "<group>"; };
		ED4A1C642CFA1BAE00CC509E /* Nunito-Italic.ttf */ = {isa = PBXFileReference; lastKnownFileType = file; path = "Nunito-Italic.ttf"; sourceTree = "<group>"; };
		ED4A1C652CFA1BAE00CC509E /* Nunito-Light.ttf */ = {isa = PBXFileReference; lastKnownFileType = file; path = "Nunito-Light.ttf"; sourceTree = "<group>"; };
		ED4A1C662CFA1BAE00CC509E /* Nunito-LightItalic.ttf */ = {isa = PBXFileReference; lastKnownFileType = file; path = "Nunito-LightItalic.ttf"; sourceTree = "<group>"; };
		ED4A1C672CFA1BAE00CC509E /* Nunito-Medium.ttf */ = {isa = PBXFileReference; lastKnownFileType = file; path = "Nunito-Medium.ttf"; sourceTree = "<group>"; };
		ED4A1C682CFA1BAE00CC509E /* Nunito-MediumItalic.ttf */ = {isa = PBXFileReference; lastKnownFileType = file; path = "Nunito-MediumItalic.ttf"; sourceTree = "<group>"; };
		ED4A1C692CFA1BAE00CC509E /* Nunito-Regular.ttf */ = {isa = PBXFileReference; lastKnownFileType = file; path = "Nunito-Regular.ttf"; sourceTree = "<group>"; };
		ED4A1C6A2CFA1BAE00CC509E /* Nunito-SemiBold.ttf */ = {isa = PBXFileReference; lastKnownFileType = file; path = "Nunito-SemiBold.ttf"; sourceTree = "<group>"; };
		ED4A1C6B2CFA1BAE00CC509E /* Nunito-SemiBoldItalic.ttf */ = {isa = PBXFileReference; lastKnownFileType = file; path = "Nunito-SemiBoldItalic.ttf"; sourceTree = "<group>"; };
		ED7992602D0E2F1A00CA4244 /* SpeechRecognitionManager 2.swift */ = {isa = PBXFileReference; lastKnownFileType = sourcecode.swift; path = "SpeechRecognitionManager 2.swift"; sourceTree = "<group>"; };
		ED7992622D0F4FD400CA4244 /* CoffeeVibes.entitlements */ = {isa = PBXFileReference; lastKnownFileType = text.plist.entitlements; path = CoffeeVibes.entitlements; sourceTree = "<group>"; };
		ED7992632D0F60D200CA4244 /* LocationManager.swift */ = {isa = PBXFileReference; lastKnownFileType = sourcecode.swift; name = LocationManager.swift; path = coffeevibes/Services/LocationManager.swift; sourceTree = SOURCE_ROOT; };
		ED9FD5392D2733B200E50759 /* CoffeeVibesApp.swift */ = {isa = PBXFileReference; lastKnownFileType = sourcecode.swift; name = CoffeeVibesApp.swift; path = coffeevibes/CoffeeVibesApp.swift; sourceTree = SOURCE_ROOT; };
		ED9FD53B2D274F4500E50759 /* GooglePlacesService.swift */ = {isa = PBXFileReference; lastKnownFileType = sourcecode.swift; name = GooglePlacesService.swift; path = coffeevibes/Services/GooglePlacesService.swift; sourceTree = SOURCE_ROOT; };
		ED9FD53D2D27637000E50759 /* AddReviewSheet.swift */ = {isa = PBXFileReference; lastKnownFileType = sourcecode.swift; name = AddReviewSheet.swift; path = coffeevibes/Views/Components/AddReviewSheet.swift; sourceTree = SOURCE_ROOT; };
		ED9FD53F2D27648800E50759 /* CoffeeShopReviewService.swift */ = {isa = PBXFileReference; lastKnownFileType = sourcecode.swift; name = CoffeeShopReviewService.swift; path = coffeevibes/Services/CoffeeShopReviewService.swift; sourceTree = SOURCE_ROOT; };
		ED9FD5412D2768FB00E50759 /* CoffeeShopReview.swift */ = {isa = PBXFileReference; lastKnownFileType = sourcecode.swift; name = CoffeeShopReview.swift; path = coffeevibes/Models/CoffeeShopReview.swift; sourceTree = SOURCE_ROOT; };
		ED9FD5432D287E0700E50759 /* CheckInSheet.swift */ = {isa = PBXFileReference; lastKnownFileType = sourcecode.swift; name = CheckInSheet.swift; path = coffeevibes/Views/Components/CheckInSheet.swift; sourceTree = SOURCE_ROOT; };
		ED9FD5452D2885AD00E50759 /* StorageService.swift */ = {isa = PBXFileReference; lastKnownFileType = sourcecode.swift; name = StorageService.swift; path = coffeevibes/Services/StorageService.swift; sourceTree = SOURCE_ROOT; };
		ED9FD5482D28B95C00E50759 /* SwipeableCoffeeShopCard.swift */ = {isa = PBXFileReference; lastKnownFileType = sourcecode.swift; name = SwipeableCoffeeShopCard.swift; path = coffeevibes/Views/Components/SwipeableCoffeeShopCard.swift; sourceTree = SOURCE_ROOT; };
		EDAB7A042D04CF1E00C31FBD /* CoffeeShopFilterView.swift */ = {isa = PBXFileReference; lastKnownFileType = sourcecode.swift; path = CoffeeShopFilterView.swift; sourceTree = "<group>"; };
/* End PBXFileReference section */

/* Begin PBXFrameworksBuildPhase section */
		ED02DBA32CEC075100794F34 /* Frameworks */ = {
			isa = PBXFrameworksBuildPhase;
			buildActionMask = 2147483647;
			files = (
				ED25EAB82CFE6BEA00D2B528 /* Storage in Frameworks */,
				ED1004052CEEA99200AB964B /* PostgREST in Frameworks */,
				ED1004032CEEA99200AB964B /* Functions in Frameworks */,
				ED02DBC72CEC0B5C00794F34 /* Supabase in Frameworks */,
				841AF0482D0352E4009F762B /* SDWebImageSwiftUI in Frameworks */,
				ED1004072CEEA99200AB964B /* Realtime in Frameworks */,
				ED02DBC42CEC0A4900794F34 /* Auth in Frameworks */,
				84BBC0702D02646400782B7D /* FlowStacks in Frameworks */,
			);
			runOnlyForDeploymentPostprocessing = 0;
		};
/* End PBXFrameworksBuildPhase section */

/* Begin PBXGroup section */
		841AEF572D02D574009F762B /* Coordinator */ = {
			isa = PBXGroup;
			children = (
				841AEF562D02D574009F762B /* AuthCoordinator.swift */,
			);
			path = Coordinator;
			sourceTree = "<group>";
		};
		841AEF5D2D02D574009F762B /* Models */ = {
			isa = PBXGroup;
			children = (
				ED9FD5412D2768FB00E50759 /* CoffeeShopReview.swift */,
				841AEF582D02D574009F762B /* CoffeeShop.swift */,
				841AEF592D02D574009F762B /* FavoriteShop.swift */,
				841AEF5A2D02D574009F762B /* OnboardingItem.swift */,
				841AEF5B2D02D574009F762B /* Review.swift */,
				841AEF5C2D02D574009F762B /* UserDetails.swift */,
			);
			path = Models;
			sourceTree = "<group>";
		};
		841AEF5F2D02D574009F762B /* Preview Content */ = {
			isa = PBXGroup;
			children = (
				841AEF5E2D02D574009F762B /* Preview Assets.xcassets */,
			);
			path = "Preview Content";
			sourceTree = "<group>";
		};
		841AEF672D02D574009F762B /* Services */ = {
			isa = PBXGroup;
			children = (
				ED9FD5452D2885AD00E50759 /* StorageService.swift */,
				ED9FD53F2D27648800E50759 /* CoffeeShopReviewService.swift */,
				ED9FD53B2D274F4500E50759 /* GooglePlacesService.swift */,
				ED7992632D0F60D200CA4244 /* LocationManager.swift */,
				ED7992602D0E2F1A00CA4244 /* SpeechRecognitionManager 2.swift */,
				841AEF602D02D574009F762B /* APIConfig.swift */,
				841AEF612D02D574009F762B /* AuthenticationService.swift */,
				841AEF622D02D574009F762B /* CoffeeShopService.swift */,
				841AEF632D02D574009F762B /* KeychainService.swift */,
				841AEF642D02D574009F762B /* NetworkManager.swift */,
				841AEF652D02D574009F762B /* SupabaseConfig.swift */,
				841AEF662D02D574009F762B /* UserService.swift */,
			);
			path = Services;
			sourceTree = "<group>";
		};
		841AEF692D02D574009F762B /* Utilities */ = {
			isa = PBXGroup;
			children = (
				841AEF682D02D574009F762B /* FontManager.swift */,
			);
			path = Utilities;
			sourceTree = "<group>";
		};
		841AEF702D02D574009F762B /* Components */ = {
			isa = PBXGroup;
			children = (
				ED9FD5482D28B95C00E50759 /* SwipeableCoffeeShopCard.swift */,
				ED9FD5432D287E0700E50759 /* CheckInSheet.swift */,
				ED9FD53D2D27637000E50759 /* AddReviewSheet.swift */,
				EDAB7A042D04CF1E00C31FBD /* CoffeeShopFilterView.swift */,
				841AEF6A2D02D574009F762B /* CoffeeShopCard.swift */,
				841AEF6C2D02D574009F762B /* CoffeeTagView.swift */,
				841AEF6E2D02D574009F762B /* MapView.swift */,
				841AEF6F2D02D574009F762B /* ViewImports.swift */,
			);
			path = Components;
			sourceTree = "<group>";
		};
		841AEF732D02D574009F762B /* Onboarding */ = {
			isa = PBXGroup;
			children = (
				841AEF712D02D574009F762B /* OnboardingView.swift */,
				841AEF722D02D574009F762B /* OnboardingViewModel.swift */,
				841AEF7C2D02D574009F762B /* CreateProfileView.swift */,
				841AEF7D2D02D574009F762B /* ForgotPasswordView.swift */,
				841AEF7E2D02D574009F762B /* LoginView.swift */,
				841AEF802D02D574009F762B /* OTPVerificationView.swift */,
				841AEF812D02D574009F762B /* SignUpView.swift */,
			);
			path = Onboarding;
			sourceTree = "<group>";
		};
		841AEF792D02D574009F762B /* Screens */ = {
			isa = PBXGroup;
			children = (
				841AEF742D02D574009F762B /* CoffeeShopDetailView.swift */,
				841AEF762D02D574009F762B /* FavoritesScreen.swift */,
				841AEF772D02D574009F762B /* HomeScreen.swift */,
				841AEF782D02D574009F762B /* ProfileScreen.swift */,
				84BBC1352D03532F00782B7D /* PromotionsView.swift */,
				841AEF7F2D02D574009F762B /* MainTabView.swift */,
			);
			path = Screens;
			sourceTree = "<group>";
		};
		841AEF7B2D02D574009F762B /* Styles */ = {
			isa = PBXGroup;
			children = (
				841AEF7A2D02D574009F762B /* CommonStyles.swift */,
			);
			path = Styles;
			sourceTree = "<group>";
		};
		841AEF822D02D574009F762B /* Views */ = {
			isa = PBXGroup;
			children = (
				841AEF702D02D574009F762B /* Components */,
				841AEF732D02D574009F762B /* Onboarding */,
				841AEF792D02D574009F762B /* Screens */,
				841AEF7B2D02D574009F762B /* Styles */,
			);
			path = Views;
			sourceTree = "<group>";
		};
		841AEF882D02D574009F762B /* CoffeeVibes */ = {
			isa = PBXGroup;
			children = (
				ED9FD5392D2733B200E50759 /* CoffeeVibesApp.swift */,
				ED7992622D0F4FD400CA4244 /* CoffeeVibes.entitlements */,
				841AEF572D02D574009F762B /* Coordinator */,
				841AEF5D2D02D574009F762B /* Models */,
				841AEF672D02D574009F762B /* Services */,
				841AEF692D02D574009F762B /* Utilities */,
				841AEF822D02D574009F762B /* Views */,
				841AEF5F2D02D574009F762B /* Preview Content */,
				841AEF832D02D574009F762B /* Assets.xcassets */,
				841AEF862D02D574009F762B /* Info.plist */,
				841AEF872D02D574009F762B /* Info-Sandbox.plist */,
			);
			path = CoffeeVibes;
			sourceTree = "<group>";
		};
		841AEFB32D02D577009F762B /* IntegrationTests */ = {
			isa = PBXGroup;
			children = (
				841AEFB12D02D577009F762B /* IntegrationTests.swift */,
				841AEFB22D02D577009F762B /* IntegrationTestsLaunchTests.swift */,
			);
			path = IntegrationTests;
			sourceTree = "<group>";
		};
		841AEFB82D02D579009F762B /* UnitTests */ = {
			isa = PBXGroup;
			children = (
				841AEFB62D02D579009F762B /* CoffeeShopServiceTests.swift */,
				841AEFB72D02D579009F762B /* UnitTests.swift */,
			);
			path = UnitTests;
			sourceTree = "<group>";
		};
		ED02DB9D2CEC075100794F34 = {
			isa = PBXGroup;
			children = (
				841AF0492D0355DE009F762B /* DalasLocation.gpx */,
				ED4A1C5B2CFA1B2F00CC509E /* Fonts */,
				841AEF882D02D574009F762B /* CoffeeVibes */,
				841AEFB32D02D577009F762B /* IntegrationTests */,
				841AEFB82D02D579009F762B /* UnitTests */,
				ED02DBC52CEC0B5C00794F34 /* Frameworks */,
				ED02DBA72CEC075100794F34 /* Products */,
			);
			sourceTree = "<group>";
		};
		ED02DBA72CEC075100794F34 /* Products */ = {
			isa = PBXGroup;
			children = (
				ED02DBA62CEC075100794F34 /* CoffeeVibes.app */,
			);
			name = Products;
			sourceTree = "<group>";
		};
		ED02DBC52CEC0B5C00794F34 /* Frameworks */ = {
			isa = PBXGroup;
			children = (
			);
			name = Frameworks;
			sourceTree = "<group>";
		};
		ED4A1C5B2CFA1B2F00CC509E /* Fonts */ = {
			isa = PBXGroup;
			children = (
				ED4A1C5C2CFA1BAE00CC509E /* Nunito-Black.ttf */,
				ED4A1C5D2CFA1BAE00CC509E /* Nunito-BlackItalic.ttf */,
				ED4A1C5E2CFA1BAE00CC509E /* Nunito-Bold.ttf */,
				ED4A1C5F2CFA1BAE00CC509E /* Nunito-BoldItalic.ttf */,
				ED4A1C602CFA1BAE00CC509E /* Nunito-ExtraBold.ttf */,
				ED4A1C612CFA1BAE00CC509E /* Nunito-ExtraBoldItalic.ttf */,
				ED4A1C622CFA1BAE00CC509E /* Nunito-ExtraLight.ttf */,
				ED4A1C632CFA1BAE00CC509E /* Nunito-ExtraLightItalic.ttf */,
				ED4A1C642CFA1BAE00CC509E /* Nunito-Italic.ttf */,
				ED4A1C652CFA1BAE00CC509E /* Nunito-Light.ttf */,
				ED4A1C662CFA1BAE00CC509E /* Nunito-LightItalic.ttf */,
				ED4A1C672CFA1BAE00CC509E /* Nunito-Medium.ttf */,
				ED4A1C682CFA1BAE00CC509E /* Nunito-MediumItalic.ttf */,
				ED4A1C692CFA1BAE00CC509E /* Nunito-Regular.ttf */,
				ED4A1C6A2CFA1BAE00CC509E /* Nunito-SemiBold.ttf */,
				ED4A1C6B2CFA1BAE00CC509E /* Nunito-SemiBoldItalic.ttf */,
			);
			path = Fonts;
			sourceTree = "<group>";
		};
/* End PBXGroup section */

/* Begin PBXNativeTarget section */
		ED02DBA52CEC075100794F34 /* CoffeeVibes */ = {
			isa = PBXNativeTarget;
			buildConfigurationList = ED02DBB42CEC075200794F34 /* Build configuration list for PBXNativeTarget "CoffeeVibes" */;
			buildPhases = (
				ED02DBA22CEC075100794F34 /* Sources */,
				ED02DBA32CEC075100794F34 /* Frameworks */,
				ED02DBA42CEC075100794F34 /* Resources */,
			);
			buildRules = (
			);
			dependencies = (
			);
			name = CoffeeVibes;
			packageProductDependencies = (
				ED02DBC32CEC0A4900794F34 /* Auth */,
				ED02DBC62CEC0B5C00794F34 /* Supabase */,
				ED1004022CEEA99200AB964B /* Functions */,
				ED1004042CEEA99200AB964B /* PostgREST */,
				ED1004062CEEA99200AB964B /* Realtime */,
				ED25EAB72CFE6BEA00D2B528 /* Storage */,
				84BBC06F2D02646400782B7D /* FlowStacks */,
				841AF0472D0352E4009F762B /* SDWebImageSwiftUI */,
			);
			productName = CoffeeVibes;
			productReference = ED02DBA62CEC075100794F34 /* CoffeeVibes.app */;
			productType = "com.apple.product-type.application";
		};
/* End PBXNativeTarget section */

/* Begin PBXProject section */
		ED02DB9E2CEC075100794F34 /* Project object */ = {
			isa = PBXProject;
			attributes = {
				BuildIndependentTargetsInParallel = 1;
				LastSwiftUpdateCheck = 1610;
				LastUpgradeCheck = 1610;
				TargetAttributes = {
					ED02DBA52CEC075100794F34 = {
						CreatedOnToolsVersion = 16.1;
					};
				};
			};
			buildConfigurationList = ED02DBA12CEC075100794F34 /* Build configuration list for PBXProject "coffeevibes" */;
			developmentRegion = en;
			hasScannedForEncodings = 0;
			knownRegions = (
				en,
				Base,
			);
			mainGroup = ED02DB9D2CEC075100794F34;
			minimizedProjectReferenceProxies = 1;
			packageReferences = (
				ED02DBC22CEC0A4900794F34 /* XCRemoteSwiftPackageReference "supabase-swift" */,
				84BBC06E2D02646400782B7D /* XCRemoteSwiftPackageReference "FlowStacks" */,
				841AF0462D0352E4009F762B /* XCRemoteSwiftPackageReference "SDWebImageSwiftUI" */,
			);
			preferredProjectObjectVersion = 77;
			productRefGroup = ED02DBA72CEC075100794F34 /* Products */;
			projectDirPath = "";
			projectRoot = "";
			targets = (
				ED02DBA52CEC075100794F34 /* CoffeeVibes */,
			);
		};
/* End PBXProject section */

/* Begin PBXResourcesBuildPhase section */
		ED02DBA42CEC075100794F34 /* Resources */ = {
			isa = PBXResourcesBuildPhase;
			buildActionMask = 2147483647;
			files = (
				ED4A1C6C2CFA1BAE00CC509E /* Nunito-Medium.ttf in Resources */,
				ED4A1C6D2CFA1BAE00CC509E /* Nunito-ExtraBold.ttf in Resources */,
				ED4A1C6E2CFA1BAE00CC509E /* Nunito-BlackItalic.ttf in Resources */,
				ED4A1C6F2CFA1BAE00CC509E /* Nunito-BoldItalic.ttf in Resources */,
				ED4A1C702CFA1BAE00CC509E /* Nunito-Regular.ttf in Resources */,
				ED4A1C712CFA1BAE00CC509E /* Nunito-Light.ttf in Resources */,
				ED4A1C722CFA1BAE00CC509E /* Nunito-Bold.ttf in Resources */,
				ED4A1C732CFA1BAE00CC509E /* Nunito-ExtraLightItalic.ttf in Resources */,
				ED4A1C742CFA1BAE00CC509E /* Nunito-Black.ttf in Resources */,
				ED4A1C752CFA1BAE00CC509E /* Nunito-SemiBoldItalic.ttf in Resources */,
				ED4A1C762CFA1BAE00CC509E /* Nunito-ExtraLight.ttf in Resources */,
				ED4A1C772CFA1BAE00CC509E /* Nunito-Italic.ttf in Resources */,
				841AEFAD2D02D574009F762B /* Preview Assets.xcassets in Resources */,
				841AEFAE2D02D574009F762B /* Assets.xcassets in Resources */,
				841AEFB02D02D574009F762B /* Info-Sandbox.plist in Resources */,
				ED4A1C782CFA1BAE00CC509E /* Nunito-MediumItalic.ttf in Resources */,
				ED4A1C792CFA1BAE00CC509E /* Nunito-ExtraBoldItalic.ttf in Resources */,
				ED4A1C7A2CFA1BAE00CC509E /* Nunito-SemiBold.ttf in Resources */,
				ED4A1C7B2CFA1BAE00CC509E /* Nunito-LightItalic.ttf in Resources */,
			);
			runOnlyForDeploymentPostprocessing = 0;
		};
/* End PBXResourcesBuildPhase section */

/* Begin PBXSourcesBuildPhase section */
		ED02DBA22CEC075100794F34 /* Sources */ = {
			isa = PBXSourcesBuildPhase;
			buildActionMask = 2147483647;
			files = (
				841AEF892D02D574009F762B /* AuthCoordinator.swift in Sources */,
				ED7992612D0E2F1A00CA4244 /* SpeechRecognitionManager 2.swift in Sources */,
				841AEF8A2D02D574009F762B /* CoffeeShop.swift in Sources */,
				841AEF8B2D02D574009F762B /* FavoriteShop.swift in Sources */,
				841AEF8C2D02D574009F762B /* OnboardingItem.swift in Sources */,
				ED9FD5422D2768FB00E50759 /* CoffeeShopReview.swift in Sources */,
				841AEF8D2D02D574009F762B /* Review.swift in Sources */,
				841AEF8E2D02D574009F762B /* UserDetails.swift in Sources */,
				841AEF8F2D02D574009F762B /* APIConfig.swift in Sources */,
				841AEF902D02D574009F762B /* AuthenticationService.swift in Sources */,
				841AEF912D02D574009F762B /* CoffeeShopService.swift in Sources */,
				841AEF922D02D574009F762B /* KeychainService.swift in Sources */,
				ED9FD53E2D27637000E50759 /* AddReviewSheet.swift in Sources */,
				ED9FD5462D2885AD00E50759 /* StorageService.swift in Sources */,
				841AEF932D02D574009F762B /* NetworkManager.swift in Sources */,
				841AEF942D02D574009F762B /* SupabaseConfig.swift in Sources */,
				841AEF952D02D574009F762B /* UserService.swift in Sources */,
				841AEF962D02D574009F762B /* FontManager.swift in Sources */,
				841AEF972D02D574009F762B /* CoffeeShopCard.swift in Sources */,
				84BBC1362D03533000782B7D /* PromotionsView.swift in Sources */,
				841AEF992D02D574009F762B /* CoffeeTagView.swift in Sources */,
				841AEF9B2D02D574009F762B /* MapView.swift in Sources */,
				841AEF9C2D02D574009F762B /* ViewImports.swift in Sources */,
				EDAB7A052D04CF2600C31FBD /* CoffeeShopFilterView.swift in Sources */,
				ED9FD5402D27648800E50759 /* CoffeeShopReviewService.swift in Sources */,
				841AEF9D2D02D574009F762B /* OnboardingView.swift in Sources */,
				841AEF9E2D02D574009F762B /* OnboardingViewModel.swift in Sources */,
				841AEF9F2D02D574009F762B /* CoffeeShopDetailView.swift in Sources */,
				841AEFA12D02D574009F762B /* FavoritesScreen.swift in Sources */,
				841AEFA22D02D574009F762B /* HomeScreen.swift in Sources */,
				841AEFA32D02D574009F762B /* ProfileScreen.swift in Sources */,
				841AEFA42D02D574009F762B /* CommonStyles.swift in Sources */,
				841AEFA52D02D574009F762B /* CreateProfileView.swift in Sources */,
				ED9FD53A2D2733B200E50759 /* CoffeeVibesApp.swift in Sources */,
				ED9FD53C2D274F4500E50759 /* GooglePlacesService.swift in Sources */,
				841AEFA62D02D574009F762B /* ForgotPasswordView.swift in Sources */,
				ED9FD5442D287E0700E50759 /* CheckInSheet.swift in Sources */,
				ED9FD5492D28B95C00E50759 /* SwipeableCoffeeShopCard.swift in Sources */,
				841AEFA72D02D574009F762B /* LoginView.swift in Sources */,
				841AEFA82D02D574009F762B /* MainTabView.swift in Sources */,
				841AEFA92D02D574009F762B /* OTPVerificationView.swift in Sources */,
				841AEFAA2D02D574009F762B /* SignUpView.swift in Sources */,
				ED7992642D0F60D200CA4244 /* LocationManager.swift in Sources */,
			);
			runOnlyForDeploymentPostprocessing = 0;
		};
/* End PBXSourcesBuildPhase section */

/* Begin XCBuildConfiguration section */
		ED02DBB22CEC075200794F34 /* Sandbox */ = {
			isa = XCBuildConfiguration;
			buildSettings = {
				ALWAYS_SEARCH_USER_PATHS = NO;
				ASSETCATALOG_COMPILER_GENERATE_SWIFT_ASSET_SYMBOL_EXTENSIONS = YES;
				CLANG_ANALYZER_NONNULL = YES;
				CLANG_ANALYZER_NUMBER_OBJECT_CONVERSION = YES_AGGRESSIVE;
				CLANG_CXX_LANGUAGE_STANDARD = "gnu++20";
				CLANG_ENABLE_MODULES = YES;
				CLANG_ENABLE_OBJC_ARC = YES;
				CLANG_ENABLE_OBJC_WEAK = YES;
				CLANG_WARN_BLOCK_CAPTURE_AUTORELEASING = YES;
				CLANG_WARN_BOOL_CONVERSION = YES;
				CLANG_WARN_COMMA = YES;
				CLANG_WARN_CONSTANT_CONVERSION = YES;
				CLANG_WARN_DEPRECATED_OBJC_IMPLEMENTATIONS = YES;
				CLANG_WARN_DIRECT_OBJC_ISA_USAGE = YES_ERROR;
				CLANG_WARN_DOCUMENTATION_COMMENTS = YES;
				CLANG_WARN_EMPTY_BODY = YES;
				CLANG_WARN_ENUM_CONVERSION = YES;
				CLANG_WARN_INFINITE_RECURSION = YES;
				CLANG_WARN_INT_CONVERSION = YES;
				CLANG_WARN_NON_LITERAL_NULL_CONVERSION = YES;
				CLANG_WARN_OBJC_IMPLICIT_RETAIN_SELF = YES;
				CLANG_WARN_OBJC_LITERAL_CONVERSION = YES;
				CLANG_WARN_OBJC_ROOT_CLASS = YES_ERROR;
				CLANG_WARN_QUOTED_INCLUDE_IN_FRAMEWORK_HEADER = YES;
				CLANG_WARN_RANGE_LOOP_ANALYSIS = YES;
				CLANG_WARN_STRICT_PROTOTYPES = YES;
				CLANG_WARN_SUSPICIOUS_MOVE = YES;
				CLANG_WARN_UNGUARDED_AVAILABILITY = YES_AGGRESSIVE;
				CLANG_WARN_UNREACHABLE_CODE = YES;
				CLANG_WARN__DUPLICATE_METHOD_MATCH = YES;
				COPY_PHASE_STRIP = NO;
				DEBUG_INFORMATION_FORMAT = dwarf;
				ENABLE_STRICT_OBJC_MSGSEND = YES;
				ENABLE_TESTABILITY = YES;
				ENABLE_USER_SCRIPT_SANDBOXING = YES;
				GCC_C_LANGUAGE_STANDARD = gnu17;
				GCC_DYNAMIC_NO_PIC = NO;
				GCC_NO_COMMON_BLOCKS = YES;
				GCC_OPTIMIZATION_LEVEL = 0;
				GCC_PREPROCESSOR_DEFINITIONS = (
					"DEBUG=1",
					"$(inherited)",
				);
				GCC_WARN_64_TO_32_BIT_CONVERSION = YES;
				GCC_WARN_ABOUT_RETURN_TYPE = YES_ERROR;
				GCC_WARN_UNDECLARED_SELECTOR = YES;
				GCC_WARN_UNINITIALIZED_AUTOS = YES_AGGRESSIVE;
				GCC_WARN_UNUSED_FUNCTION = YES;
				GCC_WARN_UNUSED_VARIABLE = YES;
				INFOPLIST_FILE = "Info-Sandbox.plist";
				IPHONEOS_DEPLOYMENT_TARGET = 18.1;
				LOCALIZATION_PREFERS_STRING_CATALOGS = YES;
				MTL_ENABLE_DEBUG_INFO = INCLUDE_SOURCE;
				MTL_FAST_MATH = YES;
				ONLY_ACTIVE_ARCH = YES;
				SDKROOT = iphoneos;
				SWIFT_ACTIVE_COMPILATION_CONDITIONS = "DEBUG $(inherited)";
				SWIFT_OPTIMIZATION_LEVEL = "-Onone";
			};
			name = Sandbox;
		};
		ED02DBB32CEC075200794F34 /* Production */ = {
			isa = XCBuildConfiguration;
			buildSettings = {
				ALWAYS_SEARCH_USER_PATHS = NO;
				ASSETCATALOG_COMPILER_GENERATE_SWIFT_ASSET_SYMBOL_EXTENSIONS = YES;
				CLANG_ANALYZER_NONNULL = YES;
				CLANG_ANALYZER_NUMBER_OBJECT_CONVERSION = YES_AGGRESSIVE;
				CLANG_CXX_LANGUAGE_STANDARD = "gnu++20";
				CLANG_ENABLE_MODULES = YES;
				CLANG_ENABLE_OBJC_ARC = YES;
				CLANG_ENABLE_OBJC_WEAK = YES;
				CLANG_WARN_BLOCK_CAPTURE_AUTORELEASING = YES;
				CLANG_WARN_BOOL_CONVERSION = YES;
				CLANG_WARN_COMMA = YES;
				CLANG_WARN_CONSTANT_CONVERSION = YES;
				CLANG_WARN_DEPRECATED_OBJC_IMPLEMENTATIONS = YES;
				CLANG_WARN_DIRECT_OBJC_ISA_USAGE = YES_ERROR;
				CLANG_WARN_DOCUMENTATION_COMMENTS = YES;
				CLANG_WARN_EMPTY_BODY = YES;
				CLANG_WARN_ENUM_CONVERSION = YES;
				CLANG_WARN_INFINITE_RECURSION = YES;
				CLANG_WARN_INT_CONVERSION = YES;
				CLANG_WARN_NON_LITERAL_NULL_CONVERSION = YES;
				CLANG_WARN_OBJC_IMPLICIT_RETAIN_SELF = YES;
				CLANG_WARN_OBJC_LITERAL_CONVERSION = YES;
				CLANG_WARN_OBJC_ROOT_CLASS = YES_ERROR;
				CLANG_WARN_QUOTED_INCLUDE_IN_FRAMEWORK_HEADER = YES;
				CLANG_WARN_RANGE_LOOP_ANALYSIS = YES;
				CLANG_WARN_STRICT_PROTOTYPES = YES;
				CLANG_WARN_SUSPICIOUS_MOVE = YES;
				CLANG_WARN_UNGUARDED_AVAILABILITY = YES_AGGRESSIVE;
				CLANG_WARN_UNREACHABLE_CODE = YES;
				CLANG_WARN__DUPLICATE_METHOD_MATCH = YES;
				CODE_SIGN_IDENTITY = "Apple Distribution";
				COPY_PHASE_STRIP = NO;
				DEBUG_INFORMATION_FORMAT = "dwarf-with-dsym";
				ENABLE_NS_ASSERTIONS = NO;
				ENABLE_STRICT_OBJC_MSGSEND = YES;
				ENABLE_USER_SCRIPT_SANDBOXING = YES;
				GCC_C_LANGUAGE_STANDARD = gnu17;
				GCC_NO_COMMON_BLOCKS = YES;
				GCC_WARN_64_TO_32_BIT_CONVERSION = YES;
				GCC_WARN_ABOUT_RETURN_TYPE = YES_ERROR;
				GCC_WARN_UNDECLARED_SELECTOR = YES;
				GCC_WARN_UNINITIALIZED_AUTOS = YES_AGGRESSIVE;
				GCC_WARN_UNUSED_FUNCTION = YES;
				GCC_WARN_UNUSED_VARIABLE = YES;
				INFOPLIST_FILE = Info.plist;
				IPHONEOS_DEPLOYMENT_TARGET = 18.1;
				LOCALIZATION_PREFERS_STRING_CATALOGS = YES;
				MTL_ENABLE_DEBUG_INFO = NO;
				MTL_FAST_MATH = YES;
				SDKROOT = iphoneos;
				SWIFT_COMPILATION_MODE = wholemodule;
				VALIDATE_PRODUCT = YES;
			};
			name = Production;
		};
		ED02DBB52CEC075200794F34 /* Sandbox */ = {
			isa = XCBuildConfiguration;
			buildSettings = {
				ASSETCATALOG_COMPILER_APPICON_NAME = AppIcon;
				ASSETCATALOG_COMPILER_GLOBAL_ACCENT_COLOR_NAME = AccentColor;
				CODE_SIGN_ENTITLEMENTS = CoffeeVibes/CoffeeVibes.entitlements;
				CODE_SIGN_IDENTITY = "Apple Development";
				"CODE_SIGN_IDENTITY[sdk=iphoneos*]" = "iPhone Developer";
				CODE_SIGN_STYLE = Manual;
				CURRENT_PROJECT_VERSION = 1;
				DEVELOPMENT_ASSET_PATHS = "\"CoffeeVibes/Preview Content\"";
				DEVELOPMENT_TEAM = "";
				"DEVELOPMENT_TEAM[sdk=iphoneos*]" = 45AN887DKB;
				ENABLE_PREVIEWS = YES;
				GENERATE_INFOPLIST_FILE = YES;
				INFOPLIST_FILE = CoffeeVibes/Info.plist;
				INFOPLIST_KEY_CFBundleDisplayName = CoffeeVibes;
				INFOPLIST_KEY_LSApplicationCategoryType = "public.app-category.food-and-drink";
				INFOPLIST_KEY_NSCameraUsageDescription = "We need access to your camera to take profile photos.";
				INFOPLIST_KEY_NSLocationWhenInUseUsageDescription = "We need your location to show you the distance to coffee shops.";
				INFOPLIST_KEY_UIApplicationSceneManifest_Generation = YES;
				INFOPLIST_KEY_UIApplicationSupportsIndirectInputEvents = YES;
				INFOPLIST_KEY_UILaunchScreen_Generation = YES;
				INFOPLIST_KEY_UISupportedInterfaceOrientations_iPad = "UIInterfaceOrientationPortrait UIInterfaceOrientationPortraitUpsideDown UIInterfaceOrientationLandscapeLeft UIInterfaceOrientationLandscapeRight";
				INFOPLIST_KEY_UISupportedInterfaceOrientations_iPhone = "UIInterfaceOrientationPortrait UIInterfaceOrientationLandscapeLeft UIInterfaceOrientationLandscapeRight";
				IPHONEOS_DEPLOYMENT_TARGET = 18.0;
				LD_RUNPATH_SEARCH_PATHS = (
					"$(inherited)",
					"@executable_path/Frameworks",
				);
				MARKETING_VERSION = 1.0;
				PRODUCT_BUNDLE_IDENTIFIER = com.ravenstudios.coffeevibes.sandbox;
				PRODUCT_NAME = "$(TARGET_NAME)";
				PROVISIONING_PROFILE_SPECIFIER = "";
				"PROVISIONING_PROFILE_SPECIFIER[sdk=iphoneos*]" = "Development Profile";
				SWIFT_EMIT_LOC_STRINGS = YES;
				SWIFT_VERSION = 5.0;
				TARGETED_DEVICE_FAMILY = "1,2";
			};
			name = Sandbox;
		};
		ED02DBB62CEC075200794F34 /* Production */ = {
			isa = XCBuildConfiguration;
			buildSettings = {
				ASSETCATALOG_COMPILER_APPICON_NAME = AppIcon;
				ASSETCATALOG_COMPILER_GLOBAL_ACCENT_COLOR_NAME = AccentColor;
				CODE_SIGN_ENTITLEMENTS = CoffeeVibes/CoffeeVibes.entitlements;
				CODE_SIGN_IDENTITY = "Apple Development";
				CODE_SIGN_STYLE = Automatic;
				CURRENT_PROJECT_VERSION = 1;
				DEVELOPMENT_ASSET_PATHS = "\"CoffeeVibes/Preview Content\"";
				DEVELOPMENT_TEAM = 45AN887DKB;
				ENABLE_PREVIEWS = YES;
				GENERATE_INFOPLIST_FILE = YES;
				INFOPLIST_FILE = CoffeeVibes/Info.plist;
				INFOPLIST_KEY_CFBundleDisplayName = CoffeeVibes;
				INFOPLIST_KEY_LSApplicationCategoryType = "public.app-category.food-and-drink";
				INFOPLIST_KEY_NSCameraUsageDescription = "We need access to your camera to take profile photos.";
				INFOPLIST_KEY_NSLocationWhenInUseUsageDescription = "We need your location to show you the distance to coffee shops.";
				INFOPLIST_KEY_UIApplicationSceneManifest_Generation = YES;
				INFOPLIST_KEY_UIApplicationSupportsIndirectInputEvents = YES;
				INFOPLIST_KEY_UILaunchScreen_Generation = YES;
				INFOPLIST_KEY_UISupportedInterfaceOrientations_iPad = "UIInterfaceOrientationPortrait UIInterfaceOrientationPortraitUpsideDown UIInterfaceOrientationLandscapeLeft UIInterfaceOrientationLandscapeRight";
				INFOPLIST_KEY_UISupportedInterfaceOrientations_iPhone = "UIInterfaceOrientationPortrait UIInterfaceOrientationLandscapeLeft UIInterfaceOrientationLandscapeRight";
				IPHONEOS_DEPLOYMENT_TARGET = 18.0;
				LD_RUNPATH_SEARCH_PATHS = (
					"$(inherited)",
					"@executable_path/Frameworks",
				);
				MARKETING_VERSION = 1.0;
				PRODUCT_BUNDLE_IDENTIFIER = com.ravenstudios.coffeevibes;
				PRODUCT_NAME = "$(TARGET_NAME)";
				PROVISIONING_PROFILE_SPECIFIER = "";
				SWIFT_EMIT_LOC_STRINGS = YES;
				SWIFT_VERSION = 5.0;
				TARGETED_DEVICE_FAMILY = "1,2";
			};
			name = Production;
		};
/* End XCBuildConfiguration section */

/* Begin XCConfigurationList section */
		ED02DBA12CEC075100794F34 /* Build configuration list for PBXProject "coffeevibes" */ = {
			isa = XCConfigurationList;
			buildConfigurations = (
				ED02DBB22CEC075200794F34 /* Sandbox */,
				ED02DBB32CEC075200794F34 /* Production */,
			);
			defaultConfigurationIsVisible = 0;
			defaultConfigurationName = Production;
		};
		ED02DBB42CEC075200794F34 /* Build configuration list for PBXNativeTarget "CoffeeVibes" */ = {
			isa = XCConfigurationList;
			buildConfigurations = (
				ED02DBB52CEC075200794F34 /* Sandbox */,
				ED02DBB62CEC075200794F34 /* Production */,
			);
			defaultConfigurationIsVisible = 0;
			defaultConfigurationName = Production;
		};
/* End XCConfigurationList section */

/* Begin XCRemoteSwiftPackageReference section */
		841AF0462D0352E4009F762B /* XCRemoteSwiftPackageReference "SDWebImageSwiftUI" */ = {
			isa = XCRemoteSwiftPackageReference;
			repositoryURL = "https://github.com/SDWebImage/SDWebImageSwiftUI.git";
			requirement = {
				kind = upToNextMajorVersion;
				minimumVersion = 3.1.3;
			};
		};
		84BBC06E2D02646400782B7D /* XCRemoteSwiftPackageReference "FlowStacks" */ = {
			isa = XCRemoteSwiftPackageReference;
			repositoryURL = "https://github.com/johnpatrickmorgan/FlowStacks.git";
			requirement = {
				kind = exactVersion;
				version = 0.4.1;
			};
		};
		ED02DBC22CEC0A4900794F34 /* XCRemoteSwiftPackageReference "supabase-swift" */ = {
			isa = XCRemoteSwiftPackageReference;
			repositoryURL = "https://github.com/supabase-community/supabase-swift";
			requirement = {
				kind = upToNextMajorVersion;
				minimumVersion = 2.5.1;
			};
		};
/* End XCRemoteSwiftPackageReference section */

/* Begin XCSwiftPackageProductDependency section */
		841AF0472D0352E4009F762B /* SDWebImageSwiftUI */ = {
			isa = XCSwiftPackageProductDependency;
			package = 841AF0462D0352E4009F762B /* XCRemoteSwiftPackageReference "SDWebImageSwiftUI" */;
			productName = SDWebImageSwiftUI;
		};
		84BBC06F2D02646400782B7D /* FlowStacks */ = {
			isa = XCSwiftPackageProductDependency;
			package = 84BBC06E2D02646400782B7D /* XCRemoteSwiftPackageReference "FlowStacks" */;
			productName = FlowStacks;
		};
		ED02DBC32CEC0A4900794F34 /* Auth */ = {
			isa = XCSwiftPackageProductDependency;
			package = ED02DBC22CEC0A4900794F34 /* XCRemoteSwiftPackageReference "supabase-swift" */;
			productName = Auth;
		};
		ED02DBC62CEC0B5C00794F34 /* Supabase */ = {
			isa = XCSwiftPackageProductDependency;
			package = ED02DBC22CEC0A4900794F34 /* XCRemoteSwiftPackageReference "supabase-swift" */;
			productName = Supabase;
		};
		ED1004022CEEA99200AB964B /* Functions */ = {
			isa = XCSwiftPackageProductDependency;
			package = ED02DBC22CEC0A4900794F34 /* XCRemoteSwiftPackageReference "supabase-swift" */;
			productName = Functions;
		};
		ED1004042CEEA99200AB964B /* PostgREST */ = {
			isa = XCSwiftPackageProductDependency;
			package = ED02DBC22CEC0A4900794F34 /* XCRemoteSwiftPackageReference "supabase-swift" */;
			productName = PostgREST;
		};
		ED1004062CEEA99200AB964B /* Realtime */ = {
			isa = XCSwiftPackageProductDependency;
			package = ED02DBC22CEC0A4900794F34 /* XCRemoteSwiftPackageReference "supabase-swift" */;
			productName = Realtime;
		};
		ED25EAB72CFE6BEA00D2B528 /* Storage */ = {
			isa = XCSwiftPackageProductDependency;
			package = ED02DBC22CEC0A4900794F34 /* XCRemoteSwiftPackageReference "supabase-swift" */;
			productName = Storage;
		};
/* End XCSwiftPackageProductDependency section */
	};
	rootObject = ED02DB9E2CEC075100794F34 /* Project object */;
}
